<?xml version="1.0" encoding="utf-8"?>
<Project ToolsVersion="4.0" xmlns="http://schemas.microsoft.com/developer/msbuild/2003">
  <ItemGroup>
    <ClCompile Include="main.cpp" />
    <ClCompile Include="DXDebug\DXDebugLayer.cpp">
      <Filter>DXDebug</Filter>
    </ClCompile>
    <ClCompile Include="D3D\DXContext.cpp">
      <Filter>D3D</Filter>
    </ClCompile>
    <ClCompile Include="Support\Window.cpp">
      <Filter>Support</Filter>
    </ClCompile>
    <ClCompile Include="Support\Window.h">
      <Filter>Support</Filter>
    </ClCompile>
    <ClCompile Include="Support\Shader.cpp" />
    <ClCompile Include="Support\ImageLoader.cpp" />
  </ItemGroup>
  <ItemGroup>
    <Filter Include="Support">
      <UniqueIdentifier>{1bfceea3-5c3c-483a-a91c-23922166c5e0}</UniqueIdentifier>
    </Filter>
    <Filter Include="DXDebug">
      <UniqueIdentifier>{c2cc8e83-5ec6-4eba-97db-25912abca166}</UniqueIdentifier>
    </Filter>
    <Filter Include="D3D">
      <UniqueIdentifier>{404d89dc-cfcc-4daa-b02a-9c69eb62e284}</UniqueIdentifier>
    </Filter>
  </ItemGroup>
  <ItemGroup>
    <ClInclude Include="Support\CustomWin.h">
      <Filter>Support</Filter>
    </ClInclude>
    <ClInclude Include="Support\ComPointer.h">
      <Filter>Support</Filter>
    </ClInclude>
    <ClInclude Include="DXDebug\DXDebugLayer.h">
      <Filter>DXDebug</Filter>
    </ClInclude>
    <ClInclude Include="D3D\DXContext.h">
      <Filter>D3D</Filter>
    </ClInclude>
    <ClInclude Include="Support\Shader.h" />
    <ClInclude Include="Support\ImageLoader.h" />
  </ItemGroup>
  <ItemGroup>
    <FxCompile Include="Shaders\VertexShader.hlsl" />
    <FxCompile Include="Shaders\PixelShader.hlsl" />
    <FxCompile Include="Shaders\RootSignature.hlsl" />
  </ItemGroup>
</Project>